
Microsoft Visual Studio Solution File, Format Version 12.00
# Visual Studio Version 16
VisualStudioVersion = 16.0.29424.173
MinimumVisualStudioVersion = 10.0.40219.1
Project("{2150E333-8FDC-42A3-9474-1A3956D46DE8}") = "Client", "Client", "{B4537A20-216D-40C5-94FB-F5B2EB39F5C0}"
EndProject
Project("{FAE04EC0-301F-11D3-BF4B-00C04F79EFBC}") = "NoOpRunner.Client", "Client\NoOpRunner.Client\NoOpRunner.Client.csproj", "{E3B38F3E-A1F6-4404-AB28-5088FBB36EFA}"
EndProject
Project("{FAE04EC0-301F-11D3-BF4B-00C04F79EFBC}") = "NoOpRunner.Client.Logic", "Client\NoOpRunner.Client.Logic\NoOpRunner.Client.Logic.csproj", "{274B7A8C-2C33-4650-817B-7930C5A2422F}"
EndProject
Project("{2150E333-8FDC-42A3-9474-1A3956D46DE8}") = "Core", "Core", "{76A0A59E-D83C-4962-AE21-F16B802EB6A6}"
EndProject
Project("{FAE04EC0-301F-11D3-BF4B-00C04F79EFBC}") = "NoOpRunner.Core", "Core\NoOpRunner.Core\NoOpRunner.Core.csproj", "{A7F441A4-15E3-4C01-92F9-5AC2D65FF43F}"
EndProject
Project("{FAE04EC0-301F-11D3-BF4B-00C04F79EFBC}") = "NoOpRunner.Networking", "Core\NoOpRunner.Networking\NoOpRunner.Networking.csproj", "{9EA7426D-ED02-4112-AE00-6D22FB7E4C8E}"
EndProject
Project("{FAE04EC0-301F-11D3-BF4B-00C04F79EFBC}") = "NoOpRunner.Core.Tests", "Core\NoOpRunner.Core.Tests\NoOpRunner.Core.Tests.csproj", "{5385A50B-F479-45AF-8006-E99C44332FDC}"
EndProject
Project("{FAE04EC0-301F-11D3-BF4B-00C04F79EFBC}") = "NoOpRunner.Client.Tests", "Client\NoOpRunner.Client.Tests\NoOpRunner.Client.Tests.csproj", "{EBDE6CDB-6BAD-4CEC-910A-35315D1E7B0C}"
EndProject
Project("{FAE04EC0-301F-11D3-BF4B-00C04F79EFBC}") = "NoOpRunner.Client.Logic.Tests", "NoOpRunner.Client.Logic.Tests\NoOpRunner.Client.Logic.Tests.csproj", "{7C89281E-FEE9-4E1D-92DD-86BF8342BF55}"
EndProject
Global
	GlobalSection(SolutionConfigurationPlatforms) = preSolution
		Debug|Any CPU = Debug|Any CPU
		Release|Any CPU = Release|Any CPU
	EndGlobalSection
	GlobalSection(ProjectConfigurationPlatforms) = postSolution
		{E3B38F3E-A1F6-4404-AB28-5088FBB36EFA}.Debug|Any CPU.ActiveCfg = Debug|Any CPU
		{E3B38F3E-A1F6-4404-AB28-5088FBB36EFA}.Debug|Any CPU.Build.0 = Debug|Any CPU
		{E3B38F3E-A1F6-4404-AB28-5088FBB36EFA}.Release|Any CPU.ActiveCfg = Release|Any CPU
		{E3B38F3E-A1F6-4404-AB28-5088FBB36EFA}.Release|Any CPU.Build.0 = Release|Any CPU
		{274B7A8C-2C33-4650-817B-7930C5A2422F}.Debug|Any CPU.ActiveCfg = Debug|Any CPU
		{274B7A8C-2C33-4650-817B-7930C5A2422F}.Debug|Any CPU.Build.0 = Debug|Any CPU
		{274B7A8C-2C33-4650-817B-7930C5A2422F}.Release|Any CPU.ActiveCfg = Release|Any CPU
		{274B7A8C-2C33-4650-817B-7930C5A2422F}.Release|Any CPU.Build.0 = Release|Any CPU
		{A7F441A4-15E3-4C01-92F9-5AC2D65FF43F}.Debug|Any CPU.ActiveCfg = Debug|Any CPU
		{A7F441A4-15E3-4C01-92F9-5AC2D65FF43F}.Debug|Any CPU.Build.0 = Debug|Any CPU
		{A7F441A4-15E3-4C01-92F9-5AC2D65FF43F}.Release|Any CPU.ActiveCfg = Release|Any CPU
		{A7F441A4-15E3-4C01-92F9-5AC2D65FF43F}.Release|Any CPU.Build.0 = Release|Any CPU
		{9EA7426D-ED02-4112-AE00-6D22FB7E4C8E}.Debug|Any CPU.ActiveCfg = Debug|Any CPU
		{9EA7426D-ED02-4112-AE00-6D22FB7E4C8E}.Debug|Any CPU.Build.0 = Debug|Any CPU
		{9EA7426D-ED02-4112-AE00-6D22FB7E4C8E}.Release|Any CPU.ActiveCfg = Release|Any CPU
		{9EA7426D-ED02-4112-AE00-6D22FB7E4C8E}.Release|Any CPU.Build.0 = Release|Any CPU
		{5385A50B-F479-45AF-8006-E99C44332FDC}.Debug|Any CPU.ActiveCfg = Debug|Any CPU
		{5385A50B-F479-45AF-8006-E99C44332FDC}.Debug|Any CPU.Build.0 = Debug|Any CPU
		{5385A50B-F479-45AF-8006-E99C44332FDC}.Release|Any CPU.ActiveCfg = Release|Any CPU
		{5385A50B-F479-45AF-8006-E99C44332FDC}.Release|Any CPU.Build.0 = Release|Any CPU
		{EBDE6CDB-6BAD-4CEC-910A-35315D1E7B0C}.Debug|Any CPU.ActiveCfg = Debug|Any CPU
		{EBDE6CDB-6BAD-4CEC-910A-35315D1E7B0C}.Debug|Any CPU.Build.0 = Debug|Any CPU
		{EBDE6CDB-6BAD-4CEC-910A-35315D1E7B0C}.Release|Any CPU.ActiveCfg = Release|Any CPU
		{EBDE6CDB-6BAD-4CEC-910A-35315D1E7B0C}.Release|Any CPU.Build.0 = Release|Any CPU
		{7C89281E-FEE9-4E1D-92DD-86BF8342BF55}.Debug|Any CPU.ActiveCfg = Debug|Any CPU
		{7C89281E-FEE9-4E1D-92DD-86BF8342BF55}.Debug|Any CPU.Build.0 = Debug|Any CPU
		{7C89281E-FEE9-4E1D-92DD-86BF8342BF55}.Release|Any CPU.ActiveCfg = Release|Any CPU
		{7C89281E-FEE9-4E1D-92DD-86BF8342BF55}.Release|Any CPU.Build.0 = Release|Any CPU
	EndGlobalSection
	GlobalSection(SolutionProperties) = preSolution
		HideSolutionNode = FALSE
	EndGlobalSection
	GlobalSection(NestedProjects) = preSolution
		{E3B38F3E-A1F6-4404-AB28-5088FBB36EFA} = {B4537A20-216D-40C5-94FB-F5B2EB39F5C0}
		{274B7A8C-2C33-4650-817B-7930C5A2422F} = {B4537A20-216D-40C5-94FB-F5B2EB39F5C0}
		{A7F441A4-15E3-4C01-92F9-5AC2D65FF43F} = {76A0A59E-D83C-4962-AE21-F16B802EB6A6}
		{9EA7426D-ED02-4112-AE00-6D22FB7E4C8E} = {76A0A59E-D83C-4962-AE21-F16B802EB6A6}
		{5385A50B-F479-45AF-8006-E99C44332FDC} = {76A0A59E-D83C-4962-AE21-F16B802EB6A6}
		{EBDE6CDB-6BAD-4CEC-910A-35315D1E7B0C} = {B4537A20-216D-40C5-94FB-F5B2EB39F5C0}
		{7C89281E-FEE9-4E1D-92DD-86BF8342BF55} = {B4537A20-216D-40C5-94FB-F5B2EB39F5C0}
	EndGlobalSection
	GlobalSection(ExtensibilityGlobals) = postSolution
		SolutionGuid = {CB9F13C9-541B-4F5F-A76E-D41B814C3645}
	EndGlobalSection
EndGlobal
